
Microsoft Visual Studio Solution File, Format Version 12.00
# Visual Studio Express 2012 for Web
Project("{FAE04EC0-301F-11D3-BF4B-00C04F79EFBC}") = "Northwind.Mvc.Data.Core", "Northwind.Mvc.Data.Core\Northwind.Mvc.Data.Core.csproj", "{F6DFB39F-BCA7-4D79-9479-811E3F1665F9}"
EndProject
Project("{FAE04EC0-301F-11D3-BF4B-00C04F79EFBC}") = "Northwind.Mvc.Data.Models", "Northwind.Mvc.Data.Models\Northwind.Mvc.Data.Models.csproj", "{B75209E3-90D3-41C2-B089-B9A6B16B0188}"
EndProject
Project("{FAE04EC0-301F-11D3-BF4B-00C04F79EFBC}") = "Northwind.Mvc.Data.Repository", "Northwind.Mvc.Data.Repository\Northwind.Mvc.Data.Repository.csproj", "{BDDFD0F9-29B1-492B-BE60-93833EEF2B2D}"
EndProject
Project("{FAE04EC0-301F-11D3-BF4B-00C04F79EFBC}") = "Northwind.Mvc.Web", "Northwind.Mvc.Web\Northwind.Mvc.Web.csproj", "{2DE26D96-E571-4C95-8305-74A8D38574C0}"
EndProject
Project("{2150E333-8FDC-42A3-9474-1A3956D46DE8}") = "DB", "DB", "{3450CBF2-E5C6-4CC9-AB6F-9DC1089DD0C4}"
	ProjectSection(SolutionItems) = preProject
		..\..\..\..\..\Program Files (x86)\Microsoft SQL Server\MSSQL11.SQL2012\MSSQL\Backup\northwind.bak = ..\..\..\..\..\Program Files (x86)\Microsoft SQL Server\MSSQL11.SQL2012\MSSQL\Backup\northwind.bak
	EndProjectSection
EndProject
Global
	GlobalSection(SolutionConfigurationPlatforms) = preSolution
		Debug|Any CPU = Debug|Any CPU
		Release|Any CPU = Release|Any CPU
	EndGlobalSection
	GlobalSection(ProjectConfigurationPlatforms) = postSolution
		{F6DFB39F-BCA7-4D79-9479-811E3F1665F9}.Debug|Any CPU.ActiveCfg = Debug|Any CPU
		{F6DFB39F-BCA7-4D79-9479-811E3F1665F9}.Debug|Any CPU.Build.0 = Debug|Any CPU
		{F6DFB39F-BCA7-4D79-9479-811E3F1665F9}.Release|Any CPU.ActiveCfg = Release|Any CPU
		{F6DFB39F-BCA7-4D79-9479-811E3F1665F9}.Release|Any CPU.Build.0 = Release|Any CPU
		{B75209E3-90D3-41C2-B089-B9A6B16B0188}.Debug|Any CPU.ActiveCfg = Debug|Any CPU
		{B75209E3-90D3-41C2-B089-B9A6B16B0188}.Debug|Any CPU.Build.0 = Debug|Any CPU
		{B75209E3-90D3-41C2-B089-B9A6B16B0188}.Release|Any CPU.ActiveCfg = Release|Any CPU
		{B75209E3-90D3-41C2-B089-B9A6B16B0188}.Release|Any CPU.Build.0 = Release|Any CPU
		{BDDFD0F9-29B1-492B-BE60-93833EEF2B2D}.Debug|Any CPU.ActiveCfg = Debug|Any CPU
		{BDDFD0F9-29B1-492B-BE60-93833EEF2B2D}.Debug|Any CPU.Build.0 = Debug|Any CPU
		{BDDFD0F9-29B1-492B-BE60-93833EEF2B2D}.Release|Any CPU.ActiveCfg = Release|Any CPU
		{BDDFD0F9-29B1-492B-BE60-93833EEF2B2D}.Release|Any CPU.Build.0 = Release|Any CPU
		{2DE26D96-E571-4C95-8305-74A8D38574C0}.Debug|Any CPU.ActiveCfg = Debug|Any CPU
		{2DE26D96-E571-4C95-8305-74A8D38574C0}.Debug|Any CPU.Build.0 = Debug|Any CPU
		{2DE26D96-E571-4C95-8305-74A8D38574C0}.Release|Any CPU.ActiveCfg = Release|Any CPU
		{2DE26D96-E571-4C95-8305-74A8D38574C0}.Release|Any CPU.Build.0 = Release|Any CPU
	EndGlobalSection
	GlobalSection(SolutionProperties) = preSolution
		HideSolutionNode = FALSE
	EndGlobalSection
EndGlobal
