
Microsoft Visual Studio Solution File, Format Version 12.00
# Visual Studio Express 2012 for Web
Project("{FAE04EC0-301F-11D3-BF4B-00C04F79EFBC}") = "Northwind.Mvc.Data.Core", "Northwind.Mvc.Data.Core\Northwind.Mvc.Data.Core.csproj", "{F6DFB39F-BCA7-4D79-9479-811E3F1665F9}"
EndProject
Project("{FAE04EC0-301F-11D3-BF4B-00C04F79EFBC}") = "Northwind.Mvc.Data.Models", "Northwind.Mvc.Data.Models\Northwind.Mvc.Data.Models.csproj", "{B75209E3-90D3-41C2-B089-B9A6B16B0188}"
EndProject
Project("{FAE04EC0-301F-11D3-BF4B-00C04F79EFBC}") = "Northwind.Mvc.Data.Repository", "Northwind.Mvc.Data.Repository\Northwind.Mvc.Data.Repository.csproj", "{BDDFD0F9-29B1-492B-BE60-93833EEF2B2D}"
EndProject
Global
	GlobalSection(SolutionConfigurationPlatforms) = preSolution
		Debug|Any CPU = Debug|Any CPU
		Release|Any CPU = Release|Any CPU
	EndGlobalSection
	GlobalSection(ProjectConfigurationPlatforms) = postSolution
		{F6DFB39F-BCA7-4D79-9479-811E3F1665F9}.Debug|Any CPU.ActiveCfg = Debug|Any CPU
		{F6DFB39F-BCA7-4D79-9479-811E3F1665F9}.Debug|Any CPU.Build.0 = Debug|Any CPU
		{F6DFB39F-BCA7-4D79-9479-811E3F1665F9}.Release|Any CPU.ActiveCfg = Release|Any CPU
		{F6DFB39F-BCA7-4D79-9479-811E3F1665F9}.Release|Any CPU.Build.0 = Release|Any CPU
		{B75209E3-90D3-41C2-B089-B9A6B16B0188}.Debug|Any CPU.ActiveCfg = Debug|Any CPU
		{B75209E3-90D3-41C2-B089-B9A6B16B0188}.Debug|Any CPU.Build.0 = Debug|Any CPU
		{B75209E3-90D3-41C2-B089-B9A6B16B0188}.Release|Any CPU.ActiveCfg = Release|Any CPU
		{B75209E3-90D3-41C2-B089-B9A6B16B0188}.Release|Any CPU.Build.0 = Release|Any CPU
		{BDDFD0F9-29B1-492B-BE60-93833EEF2B2D}.Debug|Any CPU.ActiveCfg = Debug|Any CPU
		{BDDFD0F9-29B1-492B-BE60-93833EEF2B2D}.Debug|Any CPU.Build.0 = Debug|Any CPU
		{BDDFD0F9-29B1-492B-BE60-93833EEF2B2D}.Release|Any CPU.ActiveCfg = Release|Any CPU
		{BDDFD0F9-29B1-492B-BE60-93833EEF2B2D}.Release|Any CPU.Build.0 = Release|Any CPU
	EndGlobalSection
	GlobalSection(SolutionProperties) = preSolution
		HideSolutionNode = FALSE
	EndGlobalSection
EndGlobal
